// !$*UTF8*$!
{
	archiveVersion = 1;
	classes = {
	};
	objectVersion = 60;
	objects = {

/* Begin PBXBuildFile section */
		11622E1D2C4603670093476C /* ImageSaver.swift in Sources */ = {isa = PBXBuildFile; fileRef = 11622E1C2C4603670093476C /* ImageSaver.swift */; };
		11622E1F2C47891E0093476C /* CircularProgressView.swift in Sources */ = {isa = PBXBuildFile; fileRef = 11622E1E2C47891E0093476C /* CircularProgressView.swift */; };
		11622E212C4799F40093476C /* GenImageView.swift in Sources */ = {isa = PBXBuildFile; fileRef = 11622E202C4799F40093476C /* GenImageView.swift */; };
		11622E232C47D1DB0093476C /* PromptTooltip.swift in Sources */ = {isa = PBXBuildFile; fileRef = 11622E222C47D1DB0093476C /* PromptTooltip.swift */; };
		1173E1602C42D7DD00875F16 /* CoreMLModels in Resources */ = {isa = PBXBuildFile; fileRef = 1173E15F2C42D7DD00875F16 /* CoreMLModels */; };
		1173E1632C42D82E00875F16 /* StableDiffusion in Frameworks */ = {isa = PBXBuildFile; productRef = 1173E1622C42D82E00875F16 /* StableDiffusion */; };
		1173E1652C42DA1200875F16 /* ImageGenerator.swift in Sources */ = {isa = PBXBuildFile; fileRef = 1173E1642C42DA1200875F16 /* ImageGenerator.swift */; };
		1173E16A2C42DA4100875F16 /* ImageToImageView.swift in Sources */ = {isa = PBXBuildFile; fileRef = 1173E1662C42DA4100875F16 /* ImageToImageView.swift */; };
		1173E16B2C42DA4100875F16 /* PromptView.swift in Sources */ = {isa = PBXBuildFile; fileRef = 1173E1672C42DA4100875F16 /* PromptView.swift */; };
		1173E16C2C42DA4100875F16 /* MainContainerView.swift in Sources */ = {isa = PBXBuildFile; fileRef = 1173E1682C42DA4100875F16 /* MainContainerView.swift */; };
		1173E16D2C42DA4100875F16 /* TextToImageView.swift in Sources */ = {isa = PBXBuildFile; fileRef = 1173E1692C42DA4100875F16 /* TextToImageView.swift */; };
		117EC5E42C3FDB3000FDF90C /* iOS_ImgGeneratorApp.swift in Sources */ = {isa = PBXBuildFile; fileRef = 117EC5E32C3FDB3000FDF90C /* iOS_ImgGeneratorApp.swift */; };
		117EC5E82C3FDB3200FDF90C /* Assets.xcassets in Resources */ = {isa = PBXBuildFile; fileRef = 117EC5E72C3FDB3200FDF90C /* Assets.xcassets */; };
		117EC5EB2C3FDB3200FDF90C /* Preview Assets.xcassets in Resources */ = {isa = PBXBuildFile; fileRef = 117EC5EA2C3FDB3200FDF90C /* Preview Assets.xcassets */; };
		119398E92C4FF34B00403238 /* CGImage+.swift in Sources */ = {isa = PBXBuildFile; fileRef = 119398E82C4FF34B00403238 /* CGImage+.swift */; };
		11BBC5672C4567E3002AB856 /* UIScreen+.swift in Sources */ = {isa = PBXBuildFile; fileRef = 11BBC5662C4567E3002AB856 /* UIScreen+.swift */; };
		11C47A242C4B81D60099EB20 /* MySpecialColors.swift in Sources */ = {isa = PBXBuildFile; fileRef = 11C47A232C4B81D60099EB20 /* MySpecialColors.swift */; };
/* End PBXBuildFile section */

/* Begin PBXFileReference section */
		11622E1C2C4603670093476C /* ImageSaver.swift */ = {isa = PBXFileReference; lastKnownFileType = sourcecode.swift; path = ImageSaver.swift; sourceTree = "<group>"; };
		11622E1E2C47891E0093476C /* CircularProgressView.swift */ = {isa = PBXFileReference; lastKnownFileType = sourcecode.swift; path = CircularProgressView.swift; sourceTree = "<group>"; };
		11622E202C4799F40093476C /* GenImageView.swift */ = {isa = PBXFileReference; lastKnownFileType = sourcecode.swift; path = GenImageView.swift; sourceTree = "<group>"; };
		11622E222C47D1DB0093476C /* PromptTooltip.swift */ = {isa = PBXFileReference; lastKnownFileType = sourcecode.swift; path = PromptTooltip.swift; sourceTree = "<group>"; };
		1173E15F2C42D7DD00875F16 /* CoreMLModels */ = {isa = PBXFileReference; lastKnownFileType = folder; name = CoreMLModels; path = "../../../../ml-stable-diffusion/generated-2/CoreMLModels"; sourceTree = "<group>"; };
		1173E1642C42DA1200875F16 /* ImageGenerator.swift */ = {isa = PBXFileReference; fileEncoding = 4; lastKnownFileType = sourcecode.swift; path = ImageGenerator.swift; sourceTree = "<group>"; };
		1173E1662C42DA4100875F16 /* ImageToImageView.swift */ = {isa = PBXFileReference; fileEncoding = 4; lastKnownFileType = sourcecode.swift; path = ImageToImageView.swift; sourceTree = "<group>"; };
		1173E1672C42DA4100875F16 /* PromptView.swift */ = {isa = PBXFileReference; fileEncoding = 4; lastKnownFileType = sourcecode.swift; path = PromptView.swift; sourceTree = "<group>"; };
		1173E1682C42DA4100875F16 /* MainContainerView.swift */ = {isa = PBXFileReference; fileEncoding = 4; lastKnownFileType = sourcecode.swift; path = MainContainerView.swift; sourceTree = "<group>"; };
		1173E1692C42DA4100875F16 /* TextToImageView.swift */ = {isa = PBXFileReference; fileEncoding = 4; lastKnownFileType = sourcecode.swift; path = TextToImageView.swift; sourceTree = "<group>"; };
		1173E16E2C440DB700875F16 /* iOS-ImgGenerator-Info.plist */ = {isa = PBXFileReference; lastKnownFileType = text.plist; path = "iOS-ImgGenerator-Info.plist"; sourceTree = SOURCE_ROOT; };
		117EC5E02C3FDB3000FDF90C /* iOS_ImgGenerator.app */ = {isa = PBXFileReference; explicitFileType = wrapper.application; includeInIndex = 0; path = iOS_ImgGenerator.app; sourceTree = BUILT_PRODUCTS_DIR; };
		117EC5E32C3FDB3000FDF90C /* iOS_ImgGeneratorApp.swift */ = {isa = PBXFileReference; lastKnownFileType = sourcecode.swift; path = iOS_ImgGeneratorApp.swift; sourceTree = "<group>"; };
		117EC5E72C3FDB3200FDF90C /* Assets.xcassets */ = {isa = PBXFileReference; lastKnownFileType = folder.assetcatalog; path = Assets.xcassets; sourceTree = "<group>"; };
		117EC5EA2C3FDB3200FDF90C /* Preview Assets.xcassets */ = {isa = PBXFileReference; lastKnownFileType = folder.assetcatalog; path = "Preview Assets.xcassets"; sourceTree = "<group>"; };
		119398E82C4FF34B00403238 /* CGImage+.swift */ = {isa = PBXFileReference; lastKnownFileType = sourcecode.swift; path = "CGImage+.swift"; sourceTree = "<group>"; };
		11BBC5662C4567E3002AB856 /* UIScreen+.swift */ = {isa = PBXFileReference; lastKnownFileType = sourcecode.swift; path = "UIScreen+.swift"; sourceTree = "<group>"; };
		11C47A232C4B81D60099EB20 /* MySpecialColors.swift */ = {isa = PBXFileReference; lastKnownFileType = sourcecode.swift; path = MySpecialColors.swift; sourceTree = "<group>"; };
/* End PBXFileReference section */

/* Begin PBXFrameworksBuildPhase section */
		117EC5DD2C3FDB3000FDF90C /* Frameworks */ = {
			isa = PBXFrameworksBuildPhase;
			buildActionMask = 2147483647;
			files = (
				1173E1632C42D82E00875F16 /* StableDiffusion in Frameworks */,
			);
			runOnlyForDeploymentPostprocessing = 0;
		};
/* End PBXFrameworksBuildPhase section */

/* Begin PBXGroup section */
		117B4F702C4E57C700A1C1D7 /* Model */ = {
			isa = PBXGroup;
			children = (
				11BBC5662C4567E3002AB856 /* UIScreen+.swift */,
				119398E82C4FF34B00403238 /* CGImage+.swift */,
				11C47A232C4B81D60099EB20 /* MySpecialColors.swift */,
				11622E222C47D1DB0093476C /* PromptTooltip.swift */,
				11622E1C2C4603670093476C /* ImageSaver.swift */,
				1173E1642C42DA1200875F16 /* ImageGenerator.swift */,
			);
			path = Model;
			sourceTree = "<group>";
		};
		117B4F712C4E57CF00A1C1D7 /* ViewModel */ = {
			isa = PBXGroup;
			children = (
			);
			path = ViewModel;
			sourceTree = "<group>";
		};
		117B4F722C4E57D500A1C1D7 /* View */ = {
			isa = PBXGroup;
			children = (
				117EC5E32C3FDB3000FDF90C /* iOS_ImgGeneratorApp.swift */,
				1173E1682C42DA4100875F16 /* MainContainerView.swift */,
				1173E1692C42DA4100875F16 /* TextToImageView.swift */,
				1173E1662C42DA4100875F16 /* ImageToImageView.swift */,
				1173E1672C42DA4100875F16 /* PromptView.swift */,
				11622E202C4799F40093476C /* GenImageView.swift */,
				11622E1E2C47891E0093476C /* CircularProgressView.swift */,
			);
			path = View;
			sourceTree = "<group>";
		};
		117EC5D72C3FDB3000FDF90C = {
			isa = PBXGroup;
			children = (
				117EC5E22C3FDB3000FDF90C /* iOS_ImgGenerator */,
				117EC5E12C3FDB3000FDF90C /* Products */,
			);
			sourceTree = "<group>";
		};
		117EC5E12C3FDB3000FDF90C /* Products */ = {
			isa = PBXGroup;
			children = (
				117EC5E02C3FDB3000FDF90C /* iOS_ImgGenerator.app */,
			);
			name = Products;
			sourceTree = "<group>";
		};
		117EC5E22C3FDB3000FDF90C /* iOS_ImgGenerator */ = {
			isa = PBXGroup;
			children = (
				1173E15F2C42D7DD00875F16 /* CoreMLModels */,
				1173E16E2C440DB700875F16 /* iOS-ImgGenerator-Info.plist */,
				117EC5E72C3FDB3200FDF90C /* Assets.xcassets */,
				117B4F702C4E57C700A1C1D7 /* Model */,
				117B4F722C4E57D500A1C1D7 /* View */,
				117B4F712C4E57CF00A1C1D7 /* ViewModel */,
				117EC5E92C3FDB3200FDF90C /* Preview Content */,
			);
			path = iOS_ImgGenerator;
			sourceTree = "<group>";
		};
		117EC5E92C3FDB3200FDF90C /* Preview Content */ = {
			isa = PBXGroup;
			children = (
				117EC5EA2C3FDB3200FDF90C /* Preview Assets.xcassets */,
			);
			path = "Preview Content";
			sourceTree = "<group>";
		};
/* End PBXGroup section */

/* Begin PBXNativeTarget section */
		117EC5DF2C3FDB3000FDF90C /* iOS_ImgGenerator */ = {
			isa = PBXNativeTarget;
			buildConfigurationList = 117EC5EE2C3FDB3200FDF90C /* Build configuration list for PBXNativeTarget "iOS_ImgGenerator" */;
			buildPhases = (
				117EC5DC2C3FDB3000FDF90C /* Sources */,
				117EC5DD2C3FDB3000FDF90C /* Frameworks */,
				117EC5DE2C3FDB3000FDF90C /* Resources */,
			);
			buildRules = (
			);
			dependencies = (
			);
			name = iOS_ImgGenerator;
			packageProductDependencies = (
				1173E1622C42D82E00875F16 /* StableDiffusion */,
			);
			productName = iOS_ImgGenerator;
			productReference = 117EC5E02C3FDB3000FDF90C /* iOS_ImgGenerator.app */;
			productType = "com.apple.product-type.application";
		};
/* End PBXNativeTarget section */

/* Begin PBXProject section */
		117EC5D82C3FDB3000FDF90C /* Project object */ = {
			isa = PBXProject;
			attributes = {
				BuildIndependentTargetsInParallel = 1;
				LastSwiftUpdateCheck = 1540;
				LastUpgradeCheck = 1540;
				TargetAttributes = {
					117EC5DF2C3FDB3000FDF90C = {
						CreatedOnToolsVersion = 15.4;
					};
				};
			};
			buildConfigurationList = 117EC5DB2C3FDB3000FDF90C /* Build configuration list for PBXProject "iOS_ImgGenerator" */;
			compatibilityVersion = "Xcode 15.0";
			developmentRegion = en;
			hasScannedForEncodings = 0;
			knownRegions = (
				en,
				Base,
			);
			mainGroup = 117EC5D72C3FDB3000FDF90C;
			packageReferences = (
				1173E1612C42D82E00875F16 /* XCRemoteSwiftPackageReference "ml-stable-diffusion" */,
			);
			productRefGroup = 117EC5E12C3FDB3000FDF90C /* Products */;
			projectDirPath = "";
			projectRoot = "";
			targets = (
				117EC5DF2C3FDB3000FDF90C /* iOS_ImgGenerator */,
			);
		};
/* End PBXProject section */

/* Begin PBXResourcesBuildPhase section */
		117EC5DE2C3FDB3000FDF90C /* Resources */ = {
			isa = PBXResourcesBuildPhase;
			buildActionMask = 2147483647;
			files = (
				1173E1602C42D7DD00875F16 /* CoreMLModels in Resources */,
				117EC5EB2C3FDB3200FDF90C /* Preview Assets.xcassets in Resources */,
				117EC5E82C3FDB3200FDF90C /* Assets.xcassets in Resources */,
			);
			runOnlyForDeploymentPostprocessing = 0;
		};
/* End PBXResourcesBuildPhase section */

/* Begin PBXSourcesBuildPhase section */
		117EC5DC2C3FDB3000FDF90C /* Sources */ = {
			isa = PBXSourcesBuildPhase;
			buildActionMask = 2147483647;
			files = (
				1173E16C2C42DA4100875F16 /* MainContainerView.swift in Sources */,
				11C47A242C4B81D60099EB20 /* MySpecialColors.swift in Sources */,
				1173E16D2C42DA4100875F16 /* TextToImageView.swift in Sources */,
				11BBC5672C4567E3002AB856 /* UIScreen+.swift in Sources */,
				11622E212C4799F40093476C /* GenImageView.swift in Sources */,
				11622E1D2C4603670093476C /* ImageSaver.swift in Sources */,
				1173E16A2C42DA4100875F16 /* ImageToImageView.swift in Sources */,
				1173E1652C42DA1200875F16 /* ImageGenerator.swift in Sources */,
				119398E92C4FF34B00403238 /* CGImage+.swift in Sources */,
				11622E232C47D1DB0093476C /* PromptTooltip.swift in Sources */,
				1173E16B2C42DA4100875F16 /* PromptView.swift in Sources */,
				11622E1F2C47891E0093476C /* CircularProgressView.swift in Sources */,
				117EC5E42C3FDB3000FDF90C /* iOS_ImgGeneratorApp.swift in Sources */,
			);
			runOnlyForDeploymentPostprocessing = 0;
		};
/* End PBXSourcesBuildPhase section */

/* Begin XCBuildConfiguration section */
		117EC5EC2C3FDB3200FDF90C /* Debug */ = {
			isa = XCBuildConfiguration;
			buildSettings = {
				ALWAYS_SEARCH_USER_PATHS = NO;
				ASSETCATALOG_COMPILER_GENERATE_SWIFT_ASSET_SYMBOL_EXTENSIONS = YES;
				CLANG_ANALYZER_NONNULL = YES;
				CLANG_ANALYZER_NUMBER_OBJECT_CONVERSION = YES_AGGRESSIVE;
				CLANG_CXX_LANGUAGE_STANDARD = "gnu++20";
				CLANG_ENABLE_MODULES = YES;
				CLANG_ENABLE_OBJC_ARC = YES;
				CLANG_ENABLE_OBJC_WEAK = YES;
				CLANG_WARN_BLOCK_CAPTURE_AUTORELEASING = YES;
				CLANG_WARN_BOOL_CONVERSION = YES;
				CLANG_WARN_COMMA = YES;
				CLANG_WARN_CONSTANT_CONVERSION = YES;
				CLANG_WARN_DEPRECATED_OBJC_IMPLEMENTATIONS = YES;
				CLANG_WARN_DIRECT_OBJC_ISA_USAGE = YES_ERROR;
				CLANG_WARN_DOCUMENTATION_COMMENTS = YES;
				CLANG_WARN_EMPTY_BODY = YES;
				CLANG_WARN_ENUM_CONVERSION = YES;
				CLANG_WARN_INFINITE_RECURSION = YES;
				CLANG_WARN_INT_CONVERSION = YES;
				CLANG_WARN_NON_LITERAL_NULL_CONVERSION = YES;
				CLANG_WARN_OBJC_IMPLICIT_RETAIN_SELF = YES;
				CLANG_WARN_OBJC_LITERAL_CONVERSION = YES;
				CLANG_WARN_OBJC_ROOT_CLASS = YES_ERROR;
				CLANG_WARN_QUOTED_INCLUDE_IN_FRAMEWORK_HEADER = YES;
				CLANG_WARN_RANGE_LOOP_ANALYSIS = YES;
				CLANG_WARN_STRICT_PROTOTYPES = YES;
				CLANG_WARN_SUSPICIOUS_MOVE = YES;
				CLANG_WARN_UNGUARDED_AVAILABILITY = YES_AGGRESSIVE;
				CLANG_WARN_UNREACHABLE_CODE = YES;
				CLANG_WARN__DUPLICATE_METHOD_MATCH = YES;
				COPY_PHASE_STRIP = NO;
				DEBUG_INFORMATION_FORMAT = dwarf;
				ENABLE_STRICT_OBJC_MSGSEND = YES;
				ENABLE_TESTABILITY = YES;
				ENABLE_USER_SCRIPT_SANDBOXING = YES;
				GCC_C_LANGUAGE_STANDARD = gnu17;
				GCC_DYNAMIC_NO_PIC = NO;
				GCC_NO_COMMON_BLOCKS = YES;
				GCC_OPTIMIZATION_LEVEL = 0;
				GCC_PREPROCESSOR_DEFINITIONS = (
					"DEBUG=1",
					"$(inherited)",
				);
				GCC_WARN_64_TO_32_BIT_CONVERSION = YES;
				GCC_WARN_ABOUT_RETURN_TYPE = YES_ERROR;
				GCC_WARN_UNDECLARED_SELECTOR = YES;
				GCC_WARN_UNINITIALIZED_AUTOS = YES_AGGRESSIVE;
				GCC_WARN_UNUSED_FUNCTION = YES;
				GCC_WARN_UNUSED_VARIABLE = YES;
				IPHONEOS_DEPLOYMENT_TARGET = 17.0;
				LOCALIZATION_PREFERS_STRING_CATALOGS = YES;
				MTL_ENABLE_DEBUG_INFO = INCLUDE_SOURCE;
				MTL_FAST_MATH = YES;
				ONLY_ACTIVE_ARCH = YES;
				SDKROOT = iphoneos;
				SWIFT_ACTIVE_COMPILATION_CONDITIONS = "DEBUG $(inherited)";
				SWIFT_OPTIMIZATION_LEVEL = "-Onone";
				SWIFT_VERSION = 5.0;
			};
			name = Debug;
		};
		117EC5ED2C3FDB3200FDF90C /* Release */ = {
			isa = XCBuildConfiguration;
			buildSettings = {
				ALWAYS_SEARCH_USER_PATHS = NO;
				ASSETCATALOG_COMPILER_GENERATE_SWIFT_ASSET_SYMBOL_EXTENSIONS = YES;
				CLANG_ANALYZER_NONNULL = YES;
				CLANG_ANALYZER_NUMBER_OBJECT_CONVERSION = YES_AGGRESSIVE;
				CLANG_CXX_LANGUAGE_STANDARD = "gnu++20";
				CLANG_ENABLE_MODULES = YES;
				CLANG_ENABLE_OBJC_ARC = YES;
				CLANG_ENABLE_OBJC_WEAK = YES;
				CLANG_WARN_BLOCK_CAPTURE_AUTORELEASING = YES;
				CLANG_WARN_BOOL_CONVERSION = YES;
				CLANG_WARN_COMMA = YES;
				CLANG_WARN_CONSTANT_CONVERSION = YES;
				CLANG_WARN_DEPRECATED_OBJC_IMPLEMENTATIONS = YES;
				CLANG_WARN_DIRECT_OBJC_ISA_USAGE = YES_ERROR;
				CLANG_WARN_DOCUMENTATION_COMMENTS = YES;
				CLANG_WARN_EMPTY_BODY = YES;
				CLANG_WARN_ENUM_CONVERSION = YES;
				CLANG_WARN_INFINITE_RECURSION = YES;
				CLANG_WARN_INT_CONVERSION = YES;
				CLANG_WARN_NON_LITERAL_NULL_CONVERSION = YES;
				CLANG_WARN_OBJC_IMPLICIT_RETAIN_SELF = YES;
				CLANG_WARN_OBJC_LITERAL_CONVERSION = YES;
				CLANG_WARN_OBJC_ROOT_CLASS = YES_ERROR;
				CLANG_WARN_QUOTED_INCLUDE_IN_FRAMEWORK_HEADER = YES;
				CLANG_WARN_RANGE_LOOP_ANALYSIS = YES;
				CLANG_WARN_STRICT_PROTOTYPES = YES;
				CLANG_WARN_SUSPICIOUS_MOVE = YES;
				CLANG_WARN_UNGUARDED_AVAILABILITY = YES_AGGRESSIVE;
				CLANG_WARN_UNREACHABLE_CODE = YES;
				CLANG_WARN__DUPLICATE_METHOD_MATCH = YES;
				COPY_PHASE_STRIP = NO;
				DEBUG_INFORMATION_FORMAT = "dwarf-with-dsym";
				ENABLE_NS_ASSERTIONS = NO;
				ENABLE_STRICT_OBJC_MSGSEND = YES;
				ENABLE_USER_SCRIPT_SANDBOXING = YES;
				GCC_C_LANGUAGE_STANDARD = gnu17;
				GCC_NO_COMMON_BLOCKS = YES;
				GCC_WARN_64_TO_32_BIT_CONVERSION = YES;
				GCC_WARN_ABOUT_RETURN_TYPE = YES_ERROR;
				GCC_WARN_UNDECLARED_SELECTOR = YES;
				GCC_WARN_UNINITIALIZED_AUTOS = YES_AGGRESSIVE;
				GCC_WARN_UNUSED_FUNCTION = YES;
				GCC_WARN_UNUSED_VARIABLE = YES;
				IPHONEOS_DEPLOYMENT_TARGET = 17.0;
				LOCALIZATION_PREFERS_STRING_CATALOGS = YES;
				MTL_ENABLE_DEBUG_INFO = NO;
				MTL_FAST_MATH = YES;
				SDKROOT = iphoneos;
				SWIFT_COMPILATION_MODE = wholemodule;
				SWIFT_VERSION = 5.0;
				VALIDATE_PRODUCT = YES;
			};
			name = Release;
		};
		117EC5EF2C3FDB3200FDF90C /* Debug */ = {
			isa = XCBuildConfiguration;
			buildSettings = {
				ASSETCATALOG_COMPILER_APPICON_NAME = AppIcon;
				ASSETCATALOG_COMPILER_GLOBAL_ACCENT_COLOR_NAME = AccentColor;
				CODE_SIGN_STYLE = Automatic;
				CURRENT_PROJECT_VERSION = 1;
				DEVELOPMENT_ASSET_PATHS = "\"iOS_ImgGenerator/Preview Content\"";
				DEVELOPMENT_TEAM = P7MU3HV48P;
				ENABLE_PREVIEWS = YES;
				GENERATE_INFOPLIST_FILE = YES;
				INFOPLIST_FILE = "iOS-ImgGenerator-Info.plist";
				INFOPLIST_KEY_NSPhotoLibraryAddUsageDescription = "access to photo";
				INFOPLIST_KEY_UIApplicationSceneManifest_Generation = YES;
				INFOPLIST_KEY_UIApplicationSupportsIndirectInputEvents = YES;
				INFOPLIST_KEY_UILaunchScreen_Generation = YES;
				INFOPLIST_KEY_UISupportedInterfaceOrientations_iPad = "UIInterfaceOrientationPortrait UIInterfaceOrientationPortraitUpsideDown UIInterfaceOrientationLandscapeLeft UIInterfaceOrientationLandscapeRight";
				INFOPLIST_KEY_UISupportedInterfaceOrientations_iPhone = "UIInterfaceOrientationPortrait UIInterfaceOrientationLandscapeLeft UIInterfaceOrientationLandscapeRight";
				IPHONEOS_DEPLOYMENT_TARGET = 17.0;
				LD_RUNPATH_SEARCH_PATHS = (
					"$(inherited)",
					"@executable_path/Frameworks",
				);
				MARKETING_VERSION = 1.0;
				PRODUCT_BUNDLE_IDENTIFIER = "com.hashswim.iOS-ImgGenerator";
				PRODUCT_NAME = "$(TARGET_NAME)";
				SWIFT_EMIT_LOC_STRINGS = YES;
				SWIFT_VERSION = 5.0;
				TARGETED_DEVICE_FAMILY = "1,2";
			};
			name = Debug;
		};
		117EC5F02C3FDB3200FDF90C /* Release */ = {
			isa = XCBuildConfiguration;
			buildSettings = {
				ASSETCATALOG_COMPILER_APPICON_NAME = AppIcon;
				ASSETCATALOG_COMPILER_GLOBAL_ACCENT_COLOR_NAME = AccentColor;
				CODE_SIGN_STYLE = Automatic;
				CURRENT_PROJECT_VERSION = 1;
				DEVELOPMENT_ASSET_PATHS = "\"iOS_ImgGenerator/Preview Content\"";
				DEVELOPMENT_TEAM = P7MU3HV48P;
				ENABLE_PREVIEWS = YES;
				GENERATE_INFOPLIST_FILE = YES;
				INFOPLIST_FILE = "iOS-ImgGenerator-Info.plist";
				INFOPLIST_KEY_NSPhotoLibraryAddUsageDescription = "access to photo";
				INFOPLIST_KEY_UIApplicationSceneManifest_Generation = YES;
				INFOPLIST_KEY_UIApplicationSupportsIndirectInputEvents = YES;
				INFOPLIST_KEY_UILaunchScreen_Generation = YES;
				INFOPLIST_KEY_UISupportedInterfaceOrientations_iPad = "UIInterfaceOrientationPortrait UIInterfaceOrientationPortraitUpsideDown UIInterfaceOrientationLandscapeLeft UIInterfaceOrientationLandscapeRight";
				INFOPLIST_KEY_UISupportedInterfaceOrientations_iPhone = "UIInterfaceOrientationPortrait UIInterfaceOrientationLandscapeLeft UIInterfaceOrientationLandscapeRight";
				IPHONEOS_DEPLOYMENT_TARGET = 17.0;
				LD_RUNPATH_SEARCH_PATHS = (
					"$(inherited)",
					"@executable_path/Frameworks",
				);
				MARKETING_VERSION = 1.0;
				PRODUCT_BUNDLE_IDENTIFIER = "com.hashswim.iOS-ImgGenerator";
				PRODUCT_NAME = "$(TARGET_NAME)";
				SWIFT_EMIT_LOC_STRINGS = YES;
				SWIFT_VERSION = 5.0;
				TARGETED_DEVICE_FAMILY = "1,2";
			};
			name = Release;
		};
/* End XCBuildConfiguration section */

/* Begin XCConfigurationList section */
		117EC5DB2C3FDB3000FDF90C /* Build configuration list for PBXProject "iOS_ImgGenerator" */ = {
			isa = XCConfigurationList;
			buildConfigurations = (
				117EC5EC2C3FDB3200FDF90C /* Debug */,
				117EC5ED2C3FDB3200FDF90C /* Release */,
			);
			defaultConfigurationIsVisible = 0;
			defaultConfigurationName = Release;
		};
		117EC5EE2C3FDB3200FDF90C /* Build configuration list for PBXNativeTarget "iOS_ImgGenerator" */ = {
			isa = XCConfigurationList;
			buildConfigurations = (
				117EC5EF2C3FDB3200FDF90C /* Debug */,
				117EC5F02C3FDB3200FDF90C /* Release */,
			);
			defaultConfigurationIsVisible = 0;
			defaultConfigurationName = Release;
		};
/* End XCConfigurationList section */

/* Begin XCRemoteSwiftPackageReference section */
		1173E1612C42D82E00875F16 /* XCRemoteSwiftPackageReference "ml-stable-diffusion" */ = {
			isa = XCRemoteSwiftPackageReference;
			repositoryURL = "https://github.com/apple/ml-stable-diffusion";
			requirement = {
				kind = upToNextMajorVersion;
				minimumVersion = 1.1.1;
			};
		};
/* End XCRemoteSwiftPackageReference section */

/* Begin XCSwiftPackageProductDependency section */
		1173E1622C42D82E00875F16 /* StableDiffusion */ = {
			isa = XCSwiftPackageProductDependency;
			package = 1173E1612C42D82E00875F16 /* XCRemoteSwiftPackageReference "ml-stable-diffusion" */;
			productName = StableDiffusion;
		};
/* End XCSwiftPackageProductDependency section */
	};
	rootObject = 117EC5D82C3FDB3000FDF90C /* Project object */;
}
